
Microsoft Visual Studio Solution File, Format Version 12.00
# Visual Studio 15
VisualStudioVersion = 15.0.26730.10
MinimumVisualStudioVersion = 10.0.40219.1
Project("{9A19103F-16F7-4668-BE54-9A1E7A4F7556}") = "Sorting.QuickSortImpl", "Sorting.QuickSortImpl\Sorting.QuickSortImpl.csproj", "{42922C6E-B0FF-4176-A017-61AC5227DD0E}"
EndProject
Project("{9A19103F-16F7-4668-BE54-9A1E7A4F7556}") = "Sorting.SortAlgorithm", "Sorting.SortAlgorithm\Sorting.SortAlgorithm.csproj", "{E9DCE2B8-EAE8-4573-9923-96CB15BD04E7}"
EndProject
Project("{2150E333-8FDC-42A3-9474-1A3956D46DE8}") = "Sorting", "Sorting", "{B21E7D69-D1A6-44DC-8123-55D4AAD769BB}"
EndProject
Project("{2150E333-8FDC-42A3-9474-1A3956D46DE8}") = "Demos", "Demos", "{DEC13213-6C28-451B-A084-EEE8708E174E}"
EndProject
Project("{9A19103F-16F7-4668-BE54-9A1E7A4F7556}") = "Demo.QuickSortConsole", "Demo.QuickSortConsole\Demo.QuickSortConsole.csproj", "{558A79C8-A719-4713-B388-74EE42C66A38}"
EndProject
Project("{9A19103F-16F7-4668-BE54-9A1E7A4F7556}") = "Sorting.QuickSortImpl.Tests", "Sorting.QuickSortImpl.Tests\Sorting.QuickSortImpl.Tests.csproj", "{D1728870-6246-488B-A298-4A0D83F782A6}"
EndProject
Project("{2150E333-8FDC-42A3-9474-1A3956D46DE8}") = "Helpers", "Helpers", "{D9C75FAB-BE64-43D9-A20C-34BC14DC0297}"
EndProject
Project("{FAE04EC0-301F-11D3-BF4B-00C04F79EFBC}") = "Helpers.TestsHelper", "Helpers.TestsHelper\Helpers.TestsHelper.csproj", "{7C2AB655-F132-4B84-A781-507E44AE32B4}"
EndProject
Project("{FAE04EC0-301F-11D3-BF4B-00C04F79EFBC}") = "Sorting.MergeSortImpl", "Sorting.MergeSortImpl\Sorting.MergeSortImpl.csproj", "{B0C5160F-3B61-45CF-A184-E7962E29F773}"
EndProject
Project("{FAE04EC0-301F-11D3-BF4B-00C04F79EFBC}") = "Sorting.MergeSortImpl.Tests", "Sorting.MergeSortImpl.Tests\Sorting.MergeSortImpl.Tests.csproj", "{FDDBC5ED-C3DC-4432-A25D-BF7475DA5139}"
EndProject
Project("{FAE04EC0-301F-11D3-BF4B-00C04F79EFBC}") = "Demo.MergeSortConsole", "Demo.MergeSortConsole\Demo.MergeSortConsole.csproj", "{05F755B3-B41F-4E35-9228-91B5101F334F}"
EndProject
Project("{2150E333-8FDC-42A3-9474-1A3956D46DE8}") = "Search", "Search", "{5A6BC3F2-E409-4145-B2BD-B9FA20191664}"
EndProject
Project("{FAE04EC0-301F-11D3-BF4B-00C04F79EFBC}") = "Search.SearchAlgorithm", "Search.SearchAlgorithm\Search.SearchAlgorithm.csproj", "{61C2617D-B44F-4EF5-87A6-0CC578653448}"
EndProject
Project("{2150E333-8FDC-42A3-9474-1A3956D46DE8}") = "Demos", "Demos", "{2CC60ECE-8601-4008-A02B-C442F8F28D7D}"
EndProject
Project("{FAE04EC0-301F-11D3-BF4B-00C04F79EFBC}") = "Search.LinearImpl", "Search.LinearImpl\Search.LinearImpl.csproj", "{EF642C1B-BDA6-4B09-9FFC-5FD9DA07A262}"
EndProject
Project("{FAE04EC0-301F-11D3-BF4B-00C04F79EFBC}") = "Search.LinearImpl.Tests", "Search.LinearImpl.Tests\Search.LinearImpl.Tests.csproj", "{6716C4D1-600D-472C-A3FA-4443DF4296D8}"
EndProject
Project("{FAE04EC0-301F-11D3-BF4B-00C04F79EFBC}") = "Search.BinaryImpl", "Search.BinaryImpl\Search.BinaryImpl.csproj", "{F36E78CD-05D1-4B33-8580-8B9B2B34C1F7}"
EndProject
Project("{FAE04EC0-301F-11D3-BF4B-00C04F79EFBC}") = "Search.BinaryImpl.Tests", "Search.BinaryImpl.Tests\Search.BinaryImpl.Tests.csproj", "{9691A371-A604-4576-A39D-313BE18FD991}"
EndProject
Project("{2150E333-8FDC-42A3-9474-1A3956D46DE8}") = "LinkedList", "LinkedList", "{C2E94E2E-D33A-42FD-8CFB-443667A08B01}"
EndProject
Project("{FAE04EC0-301F-11D3-BF4B-00C04F79EFBC}") = "LinkedList.SinglyImpl", "LinkedList.SinglyImpl\LinkedList.SinglyImpl.csproj", "{9C12D6A2-C0A2-4EFF-962E-73DA139F7D22}"
EndProject
Project("{2150E333-8FDC-42A3-9474-1A3956D46DE8}") = "Demos", "Demos", "{4649BAA4-9C03-417A-8E2F-A6B95C822BCC}"
EndProject
Project("{FAE04EC0-301F-11D3-BF4B-00C04F79EFBC}") = "Demo.SinglyLinkedListConsole", "Demo.SinglyLinkedListConsole\Demo.SinglyLinkedListConsole.csproj", "{6B185A89-98A4-44CA-A779-B8051960C767}"
EndProject
Project("{2150E333-8FDC-42A3-9474-1A3956D46DE8}") = "DataStructures", "DataStructures", "{2A1C25AE-81D6-4336-8961-2A490C30002F}"
EndProject
Project("{FAE04EC0-301F-11D3-BF4B-00C04F79EFBC}") = "Struct.QueueImpl", "Struct.QueueImpl\Struct.QueueImpl.csproj", "{0FA9DE4F-030C-4BAD-8784-C9E988827739}"
EndProject
Project("{FAE04EC0-301F-11D3-BF4B-00C04F79EFBC}") = "LinkedList.SinglyImpl.Tests", "LinkedList.SinglyImpl.Tests\LinkedList.SinglyImpl.Tests.csproj", "{0ED88550-4D90-4A0A-A993-E8FCD13CAF0C}"
EndProject
Project("{FAE04EC0-301F-11D3-BF4B-00C04F79EFBC}") = "Struct.QueueImpl.Tests", "Struct.QueueImpl.Tests\Struct.QueueImpl.Tests.csproj", "{E33D7C5C-CD07-4D47-9DAE-A26BBCFEE36C}"
EndProject
Project("{FAE04EC0-301F-11D3-BF4B-00C04F79EFBC}") = "Struct.StackImpl", "Struct.StackImpl\Struct.StackImpl.csproj", "{B3C7ADEF-2040-4D72-BC56-1451D1E50611}"
EndProject
Project("{FAE04EC0-301F-11D3-BF4B-00C04F79EFBC}") = "Struct.StackImpl.Tests", "Struct.StackImpl.Tests\Struct.StackImpl.Tests.csproj", "{64553648-9A34-4A84-8E39-1F276FAAFF69}"
EndProject
Global
	GlobalSection(SolutionConfigurationPlatforms) = preSolution
		Debug|Any CPU = Debug|Any CPU
		Release|Any CPU = Release|Any CPU
	EndGlobalSection
	GlobalSection(ProjectConfigurationPlatforms) = postSolution
		{42922C6E-B0FF-4176-A017-61AC5227DD0E}.Debug|Any CPU.ActiveCfg = Debug|Any CPU
		{42922C6E-B0FF-4176-A017-61AC5227DD0E}.Debug|Any CPU.Build.0 = Debug|Any CPU
		{42922C6E-B0FF-4176-A017-61AC5227DD0E}.Release|Any CPU.ActiveCfg = Release|Any CPU
		{42922C6E-B0FF-4176-A017-61AC5227DD0E}.Release|Any CPU.Build.0 = Release|Any CPU
		{E9DCE2B8-EAE8-4573-9923-96CB15BD04E7}.Debug|Any CPU.ActiveCfg = Debug|Any CPU
		{E9DCE2B8-EAE8-4573-9923-96CB15BD04E7}.Debug|Any CPU.Build.0 = Debug|Any CPU
		{E9DCE2B8-EAE8-4573-9923-96CB15BD04E7}.Release|Any CPU.ActiveCfg = Release|Any CPU
		{E9DCE2B8-EAE8-4573-9923-96CB15BD04E7}.Release|Any CPU.Build.0 = Release|Any CPU
		{558A79C8-A719-4713-B388-74EE42C66A38}.Debug|Any CPU.ActiveCfg = Debug|Any CPU
		{558A79C8-A719-4713-B388-74EE42C66A38}.Debug|Any CPU.Build.0 = Debug|Any CPU
		{558A79C8-A719-4713-B388-74EE42C66A38}.Release|Any CPU.ActiveCfg = Release|Any CPU
		{558A79C8-A719-4713-B388-74EE42C66A38}.Release|Any CPU.Build.0 = Release|Any CPU
		{D1728870-6246-488B-A298-4A0D83F782A6}.Debug|Any CPU.ActiveCfg = Debug|Any CPU
		{D1728870-6246-488B-A298-4A0D83F782A6}.Debug|Any CPU.Build.0 = Debug|Any CPU
		{D1728870-6246-488B-A298-4A0D83F782A6}.Release|Any CPU.ActiveCfg = Release|Any CPU
		{D1728870-6246-488B-A298-4A0D83F782A6}.Release|Any CPU.Build.0 = Release|Any CPU
		{7C2AB655-F132-4B84-A781-507E44AE32B4}.Debug|Any CPU.ActiveCfg = Debug|Any CPU
		{7C2AB655-F132-4B84-A781-507E44AE32B4}.Debug|Any CPU.Build.0 = Debug|Any CPU
		{7C2AB655-F132-4B84-A781-507E44AE32B4}.Release|Any CPU.ActiveCfg = Release|Any CPU
		{7C2AB655-F132-4B84-A781-507E44AE32B4}.Release|Any CPU.Build.0 = Release|Any CPU
		{B0C5160F-3B61-45CF-A184-E7962E29F773}.Debug|Any CPU.ActiveCfg = Debug|Any CPU
		{B0C5160F-3B61-45CF-A184-E7962E29F773}.Debug|Any CPU.Build.0 = Debug|Any CPU
		{B0C5160F-3B61-45CF-A184-E7962E29F773}.Release|Any CPU.ActiveCfg = Release|Any CPU
		{B0C5160F-3B61-45CF-A184-E7962E29F773}.Release|Any CPU.Build.0 = Release|Any CPU
		{FDDBC5ED-C3DC-4432-A25D-BF7475DA5139}.Debug|Any CPU.ActiveCfg = Debug|Any CPU
		{FDDBC5ED-C3DC-4432-A25D-BF7475DA5139}.Debug|Any CPU.Build.0 = Debug|Any CPU
		{FDDBC5ED-C3DC-4432-A25D-BF7475DA5139}.Release|Any CPU.ActiveCfg = Release|Any CPU
		{FDDBC5ED-C3DC-4432-A25D-BF7475DA5139}.Release|Any CPU.Build.0 = Release|Any CPU
		{05F755B3-B41F-4E35-9228-91B5101F334F}.Debug|Any CPU.ActiveCfg = Debug|Any CPU
		{05F755B3-B41F-4E35-9228-91B5101F334F}.Debug|Any CPU.Build.0 = Debug|Any CPU
		{05F755B3-B41F-4E35-9228-91B5101F334F}.Release|Any CPU.ActiveCfg = Release|Any CPU
		{05F755B3-B41F-4E35-9228-91B5101F334F}.Release|Any CPU.Build.0 = Release|Any CPU
		{61C2617D-B44F-4EF5-87A6-0CC578653448}.Debug|Any CPU.ActiveCfg = Debug|Any CPU
		{61C2617D-B44F-4EF5-87A6-0CC578653448}.Debug|Any CPU.Build.0 = Debug|Any CPU
		{61C2617D-B44F-4EF5-87A6-0CC578653448}.Release|Any CPU.ActiveCfg = Release|Any CPU
		{61C2617D-B44F-4EF5-87A6-0CC578653448}.Release|Any CPU.Build.0 = Release|Any CPU
		{EF642C1B-BDA6-4B09-9FFC-5FD9DA07A262}.Debug|Any CPU.ActiveCfg = Debug|Any CPU
		{EF642C1B-BDA6-4B09-9FFC-5FD9DA07A262}.Debug|Any CPU.Build.0 = Debug|Any CPU
		{EF642C1B-BDA6-4B09-9FFC-5FD9DA07A262}.Release|Any CPU.ActiveCfg = Release|Any CPU
		{EF642C1B-BDA6-4B09-9FFC-5FD9DA07A262}.Release|Any CPU.Build.0 = Release|Any CPU
		{6716C4D1-600D-472C-A3FA-4443DF4296D8}.Debug|Any CPU.ActiveCfg = Debug|Any CPU
		{6716C4D1-600D-472C-A3FA-4443DF4296D8}.Debug|Any CPU.Build.0 = Debug|Any CPU
		{6716C4D1-600D-472C-A3FA-4443DF4296D8}.Release|Any CPU.ActiveCfg = Release|Any CPU
		{6716C4D1-600D-472C-A3FA-4443DF4296D8}.Release|Any CPU.Build.0 = Release|Any CPU
		{F36E78CD-05D1-4B33-8580-8B9B2B34C1F7}.Debug|Any CPU.ActiveCfg = Debug|Any CPU
		{F36E78CD-05D1-4B33-8580-8B9B2B34C1F7}.Debug|Any CPU.Build.0 = Debug|Any CPU
		{F36E78CD-05D1-4B33-8580-8B9B2B34C1F7}.Release|Any CPU.ActiveCfg = Release|Any CPU
		{F36E78CD-05D1-4B33-8580-8B9B2B34C1F7}.Release|Any CPU.Build.0 = Release|Any CPU
		{9691A371-A604-4576-A39D-313BE18FD991}.Debug|Any CPU.ActiveCfg = Debug|Any CPU
		{9691A371-A604-4576-A39D-313BE18FD991}.Debug|Any CPU.Build.0 = Debug|Any CPU
		{9691A371-A604-4576-A39D-313BE18FD991}.Release|Any CPU.ActiveCfg = Release|Any CPU
		{9691A371-A604-4576-A39D-313BE18FD991}.Release|Any CPU.Build.0 = Release|Any CPU
		{9C12D6A2-C0A2-4EFF-962E-73DA139F7D22}.Debug|Any CPU.ActiveCfg = Debug|Any CPU
		{9C12D6A2-C0A2-4EFF-962E-73DA139F7D22}.Debug|Any CPU.Build.0 = Debug|Any CPU
		{9C12D6A2-C0A2-4EFF-962E-73DA139F7D22}.Release|Any CPU.ActiveCfg = Release|Any CPU
		{9C12D6A2-C0A2-4EFF-962E-73DA139F7D22}.Release|Any CPU.Build.0 = Release|Any CPU
		{6B185A89-98A4-44CA-A779-B8051960C767}.Debug|Any CPU.ActiveCfg = Debug|Any CPU
		{6B185A89-98A4-44CA-A779-B8051960C767}.Debug|Any CPU.Build.0 = Debug|Any CPU
		{6B185A89-98A4-44CA-A779-B8051960C767}.Release|Any CPU.ActiveCfg = Release|Any CPU
		{6B185A89-98A4-44CA-A779-B8051960C767}.Release|Any CPU.Build.0 = Release|Any CPU
		{0FA9DE4F-030C-4BAD-8784-C9E988827739}.Debug|Any CPU.ActiveCfg = Debug|Any CPU
		{0FA9DE4F-030C-4BAD-8784-C9E988827739}.Debug|Any CPU.Build.0 = Debug|Any CPU
		{0FA9DE4F-030C-4BAD-8784-C9E988827739}.Release|Any CPU.ActiveCfg = Release|Any CPU
		{0FA9DE4F-030C-4BAD-8784-C9E988827739}.Release|Any CPU.Build.0 = Release|Any CPU
		{0ED88550-4D90-4A0A-A993-E8FCD13CAF0C}.Debug|Any CPU.ActiveCfg = Debug|Any CPU
		{0ED88550-4D90-4A0A-A993-E8FCD13CAF0C}.Debug|Any CPU.Build.0 = Debug|Any CPU
		{0ED88550-4D90-4A0A-A993-E8FCD13CAF0C}.Release|Any CPU.ActiveCfg = Release|Any CPU
		{0ED88550-4D90-4A0A-A993-E8FCD13CAF0C}.Release|Any CPU.Build.0 = Release|Any CPU
		{E33D7C5C-CD07-4D47-9DAE-A26BBCFEE36C}.Debug|Any CPU.ActiveCfg = Debug|Any CPU
		{E33D7C5C-CD07-4D47-9DAE-A26BBCFEE36C}.Debug|Any CPU.Build.0 = Debug|Any CPU
		{E33D7C5C-CD07-4D47-9DAE-A26BBCFEE36C}.Release|Any CPU.ActiveCfg = Release|Any CPU
		{E33D7C5C-CD07-4D47-9DAE-A26BBCFEE36C}.Release|Any CPU.Build.0 = Release|Any CPU
		{B3C7ADEF-2040-4D72-BC56-1451D1E50611}.Debug|Any CPU.ActiveCfg = Debug|Any CPU
		{B3C7ADEF-2040-4D72-BC56-1451D1E50611}.Debug|Any CPU.Build.0 = Debug|Any CPU
		{B3C7ADEF-2040-4D72-BC56-1451D1E50611}.Release|Any CPU.ActiveCfg = Release|Any CPU
		{B3C7ADEF-2040-4D72-BC56-1451D1E50611}.Release|Any CPU.Build.0 = Release|Any CPU
		{64553648-9A34-4A84-8E39-1F276FAAFF69}.Debug|Any CPU.ActiveCfg = Debug|Any CPU
		{64553648-9A34-4A84-8E39-1F276FAAFF69}.Debug|Any CPU.Build.0 = Debug|Any CPU
		{64553648-9A34-4A84-8E39-1F276FAAFF69}.Release|Any CPU.ActiveCfg = Release|Any CPU
		{64553648-9A34-4A84-8E39-1F276FAAFF69}.Release|Any CPU.Build.0 = Release|Any CPU
	EndGlobalSection
	GlobalSection(SolutionProperties) = preSolution
		HideSolutionNode = FALSE
	EndGlobalSection
	GlobalSection(NestedProjects) = preSolution
		{42922C6E-B0FF-4176-A017-61AC5227DD0E} = {B21E7D69-D1A6-44DC-8123-55D4AAD769BB}
		{E9DCE2B8-EAE8-4573-9923-96CB15BD04E7} = {B21E7D69-D1A6-44DC-8123-55D4AAD769BB}
		{DEC13213-6C28-451B-A084-EEE8708E174E} = {B21E7D69-D1A6-44DC-8123-55D4AAD769BB}
		{558A79C8-A719-4713-B388-74EE42C66A38} = {DEC13213-6C28-451B-A084-EEE8708E174E}
		{D1728870-6246-488B-A298-4A0D83F782A6} = {B21E7D69-D1A6-44DC-8123-55D4AAD769BB}
		{7C2AB655-F132-4B84-A781-507E44AE32B4} = {D9C75FAB-BE64-43D9-A20C-34BC14DC0297}
		{B0C5160F-3B61-45CF-A184-E7962E29F773} = {B21E7D69-D1A6-44DC-8123-55D4AAD769BB}
		{FDDBC5ED-C3DC-4432-A25D-BF7475DA5139} = {B21E7D69-D1A6-44DC-8123-55D4AAD769BB}
		{05F755B3-B41F-4E35-9228-91B5101F334F} = {DEC13213-6C28-451B-A084-EEE8708E174E}
		{61C2617D-B44F-4EF5-87A6-0CC578653448} = {5A6BC3F2-E409-4145-B2BD-B9FA20191664}
		{2CC60ECE-8601-4008-A02B-C442F8F28D7D} = {5A6BC3F2-E409-4145-B2BD-B9FA20191664}
		{EF642C1B-BDA6-4B09-9FFC-5FD9DA07A262} = {5A6BC3F2-E409-4145-B2BD-B9FA20191664}
		{6716C4D1-600D-472C-A3FA-4443DF4296D8} = {5A6BC3F2-E409-4145-B2BD-B9FA20191664}
		{F36E78CD-05D1-4B33-8580-8B9B2B34C1F7} = {5A6BC3F2-E409-4145-B2BD-B9FA20191664}
		{9691A371-A604-4576-A39D-313BE18FD991} = {5A6BC3F2-E409-4145-B2BD-B9FA20191664}
		{9C12D6A2-C0A2-4EFF-962E-73DA139F7D22} = {C2E94E2E-D33A-42FD-8CFB-443667A08B01}
		{4649BAA4-9C03-417A-8E2F-A6B95C822BCC} = {C2E94E2E-D33A-42FD-8CFB-443667A08B01}
		{6B185A89-98A4-44CA-A779-B8051960C767} = {4649BAA4-9C03-417A-8E2F-A6B95C822BCC}
		{0FA9DE4F-030C-4BAD-8784-C9E988827739} = {2A1C25AE-81D6-4336-8961-2A490C30002F}
		{0ED88550-4D90-4A0A-A993-E8FCD13CAF0C} = {C2E94E2E-D33A-42FD-8CFB-443667A08B01}
		{E33D7C5C-CD07-4D47-9DAE-A26BBCFEE36C} = {2A1C25AE-81D6-4336-8961-2A490C30002F}
		{B3C7ADEF-2040-4D72-BC56-1451D1E50611} = {2A1C25AE-81D6-4336-8961-2A490C30002F}
		{64553648-9A34-4A84-8E39-1F276FAAFF69} = {2A1C25AE-81D6-4336-8961-2A490C30002F}
	EndGlobalSection
	GlobalSection(ExtensibilityGlobals) = postSolution
		SolutionGuid = {BDD8A3DD-4241-42CD-AA3B-5FC99F3D4637}
	EndGlobalSection
EndGlobal
